hash: 125f7b0ffd6b80f4306de97d00b0e97b91701b095a4bfd8a2473cf4bd48753ff
updated: 2018-10-25T16:41:27.019418705+02:00
imports:
- name: github.com/go-sql-driver/mysql
  version: d523deb1b23d913de5bdada721a6071e71283618
- name: github.com/gorilla/context
  version: 51ce91d2eaddeca0ef29a71d766bb3634dadf729
- name: github.com/gorilla/mux
  version: e3702bed27f0d39777b0b37b664b6280e8ef8fbf
- name: github.com/microcosm-cc/bluemonday
  version: 82c7118e8ccf7403d4860175d97bb635e8e28239
- name: github.com/op/go-logging
  version: b2cb9fa56473e98db8caba80237377e83fe44db5
- name: github.com/shurcooL/sanitized_anchor_name
  version: 86672fcb3f950f35f2e675df2240550f2a50762f
- name: github.com/urfave/cli
  version: cfb38830724cc34fedffe9a2a29fb54fa9169cd1
- name: github.com/urfave/negroni
  version: c6a59be0ce122566695fbd5e48a77f8f10c8a63a
- name: golang.org/x/crypto
  version: 85e1b3f9139abd58575d728a509643924e3b2ebf
  subpackages:
  - acme
  - acme/autocert
  - pbkdf2
  - scrypt
- name: golang.org/x/net
  version: 9b4f9f5ad5197c79fd623a3638e70d8b26cef344
  subpackages:
  - html
  - html/atom
- name: google.golang.org/appengine
  version: ae0ab99deb4dc413a2b4bd6c8bdd0eb67f1e4d06
  subpackages:
  - cloudsql
- name: gopkg.in/russross/blackfriday.v2
  version: d3b5b032dc8e8927d31a5071b56e14c89f045135
testImports: []
